
Microsoft Visual Studio Solution File, Format Version 12.00
# Visual Studio Version 16
VisualStudioVersion = 16.0.32407.337
MinimumVisualStudioVersion = 10.0.40219.1
Project("{2150E333-8FDC-42A3-9474-1A3956D46DE8}") = "Clients", "Clients", "{B065E352-E60A-461A-B9CC-222D0DF78BA7}"
EndProject
Project("{2150E333-8FDC-42A3-9474-1A3956D46DE8}") = "Core", "Core", "{496EC0E3-0F41-4FCB-A0E6-B4A28B7BF417}"
EndProject
Project("{2150E333-8FDC-42A3-9474-1A3956D46DE8}") = "Infrastructure", "Infrastructure", "{1F1D84C2-DDC0-45F0-8335-EBD5A4F6EFFF}"
EndProject
Project("{2150E333-8FDC-42A3-9474-1A3956D46DE8}") = "Presentation", "Presentation", "{DC62EA76-9816-497F-A4A4-D4CCEBA549F5}"
EndProject
Project("{9A19103F-16F7-4668-BE54-9A1E7A4F7556}") = "Clients.Domain", "Clients\Core\Clients.Domain\Clients.Domain.csproj", "{1C971274-B21F-49B8-9324-1F4BAD725B9E}"
EndProject
Project("{9A19103F-16F7-4668-BE54-9A1E7A4F7556}") = "Clients.API", "Clients\Presentation\Clients.API\Clients.API.csproj", "{878B0919-5206-4860-AF04-9CCC7773A78F}"
EndProject
Project("{9A19103F-16F7-4668-BE54-9A1E7A4F7556}") = "Clients.Application", "Clients\Core\Clients.Application\Clients.Application.csproj", "{86500589-EA21-465F-8406-1EA1C6D3D74A}"
EndProject
Project("{9A19103F-16F7-4668-BE54-9A1E7A4F7556}") = "Clients.Infrastructure", "Clients\Infrastructure\Clients.Infrastructure\Clients.Infrastructure.csproj", "{E6818151-0E5F-4DD5-B87A-210B545BB3E0}"
EndProject
Project("{9A19103F-16F7-4668-BE54-9A1E7A4F7556}") = "Clients.Persistence", "Clients\Infrastructure\Clients.Persistence\Clients.Persistence.csproj", "{0DB13A2C-AE6D-4D68-9686-C8BE21C382A8}"
EndProject
Project("{2150E333-8FDC-42A3-9474-1A3956D46DE8}") = "Services", "Services", "{388FBD8E-BE0B-4A9F-9854-EBEB4ADEE422}"
EndProject
Project("{2150E333-8FDC-42A3-9474-1A3956D46DE8}") = "ApiGateways", "ApiGateways", "{7939CE31-350A-40E1-B430-76E1833068A9}"
EndProject
Project("{E53339B2-1760-4266-BCC7-CA923CBCF16C}") = "docker-compose", "docker-compose.dcproj", "{14AF926A-D796-4182-B023-B07CF6369665}"
EndProject
Project("{2150E333-8FDC-42A3-9474-1A3956D46DE8}") = "ProductRecognition", "ProductRecognition", "{9D864442-40A0-4B0B-B8BF-7EB82CF5C735}"
EndProject
Project("{2150E333-8FDC-42A3-9474-1A3956D46DE8}") = "Core", "Core", "{747E1A6D-E99C-40D4-BEA4-9D848440F8F8}"
EndProject
Project("{2150E333-8FDC-42A3-9474-1A3956D46DE8}") = "Infrastructure", "Infrastructure", "{56F5349C-5672-41D2-859B-D2BC48B7B864}"
EndProject
Project("{2150E333-8FDC-42A3-9474-1A3956D46DE8}") = "Presentation", "Presentation", "{0EBD0F45-04C1-4495-9C5D-B129E5185948}"
EndProject
Project("{9A19103F-16F7-4668-BE54-9A1E7A4F7556}") = "ProductRecognition.Domain", "ProductRecognition\Core\ProductRecognition.Domain\ProductRecognition.Domain.csproj", "{238F3873-2626-4D62-972F-81FA213D7E1C}"
EndProject
Project("{9A19103F-16F7-4668-BE54-9A1E7A4F7556}") = "ProductRecognition.Application", "ProductRecognition\Core\ProductRecognition.Application\ProductRecognition.Application.csproj", "{81162175-E414-4F1E-9CF4-224A67A63DA3}"
EndProject
Project("{9A19103F-16F7-4668-BE54-9A1E7A4F7556}") = "ProductRecognition.Infrastructure", "ProductRecognition\Infrastructure\ProductRecognition.Infrastructure\ProductRecognition.Infrastructure.csproj", "{3D7A9E0A-74C8-4D8E-8CA6-F14D56364FD0}"
EndProject
Project("{9A19103F-16F7-4668-BE54-9A1E7A4F7556}") = "ProductRecognition.Persistence", "ProductRecognition\Infrastructure\ProductRecognition.Persistence\ProductRecognition.Persistence.csproj", "{93FAD747-E6B9-4BDC-B580-E3B9B48C30CC}"
EndProject
Project("{9A19103F-16F7-4668-BE54-9A1E7A4F7556}") = "ProductRecognition.API", "ProductRecognition\Presentation\ProductRecognition.API\ProductRecognition.API.csproj", "{DE65263F-C6C8-44AE-9152-3CE8E1581956}"
EndProject
Project("{2150E333-8FDC-42A3-9474-1A3956D46DE8}") = "BasketFormation", "BasketFormation", "{8C064FA2-AAE4-4423-A8C4-21B14170F58A}"
EndProject
Project("{2150E333-8FDC-42A3-9474-1A3956D46DE8}") = "Core", "Core", "{A1D4C410-141E-428F-A21D-E92D057F8770}"
EndProject
Project("{2150E333-8FDC-42A3-9474-1A3956D46DE8}") = "Infrastructure", "Infrastructure", "{87DC789A-B1E9-4E01-9814-310858CB0DA1}"
EndProject
Project("{2150E333-8FDC-42A3-9474-1A3956D46DE8}") = "Presentation", "Presentation", "{0A959D19-9577-4BDB-88CA-28D5480BCC04}"
EndProject
Project("{9A19103F-16F7-4668-BE54-9A1E7A4F7556}") = "BasketFormation.Domain", "BasketFormation\Core\BasketFormation.Domain\BasketFormation.Domain.csproj", "{1B013276-1341-462D-B0C9-14ABA2043F62}"
EndProject
Project("{9A19103F-16F7-4668-BE54-9A1E7A4F7556}") = "BasketFormation.Application", "BasketFormation\Core\BasketFormation.Application\BasketFormation.Application.csproj", "{A6A8DC7D-09C3-4DF1-B69C-E64E3204124B}"
EndProject
Project("{9A19103F-16F7-4668-BE54-9A1E7A4F7556}") = "BasketFormation.Infrastructure", "BasketFormation\Infrastructure\BasketFormation.Infrastructure\BasketFormation.Infrastructure.csproj", "{D16B2FEB-B611-4672-AB8E-0F09806EE525}"
EndProject
Project("{9A19103F-16F7-4668-BE54-9A1E7A4F7556}") = "BasketFormation.Persitence", "BasketFormation\Infrastructure\BasketFormation.Persitence\BasketFormation.Persitence.csproj", "{7486425E-CADF-431B-AF95-C38C9CA10D2F}"
EndProject
Project("{9A19103F-16F7-4668-BE54-9A1E7A4F7556}") = "BasketFormation.API", "BasketFormation\Presentation\BasketFormation.API\BasketFormation.API.csproj", "{C48709D0-ABBA-4214-AC34-7B900B4FA345}"
EndProject
Global
	GlobalSection(SolutionConfigurationPlatforms) = preSolution
		Debug|Any CPU = Debug|Any CPU
		Release|Any CPU = Release|Any CPU
	EndGlobalSection
	GlobalSection(ProjectConfigurationPlatforms) = postSolution
		{1C971274-B21F-49B8-9324-1F4BAD725B9E}.Debug|Any CPU.ActiveCfg = Debug|Any CPU
		{1C971274-B21F-49B8-9324-1F4BAD725B9E}.Debug|Any CPU.Build.0 = Debug|Any CPU
		{1C971274-B21F-49B8-9324-1F4BAD725B9E}.Release|Any CPU.ActiveCfg = Release|Any CPU
		{1C971274-B21F-49B8-9324-1F4BAD725B9E}.Release|Any CPU.Build.0 = Release|Any CPU
		{878B0919-5206-4860-AF04-9CCC7773A78F}.Debug|Any CPU.ActiveCfg = Debug|Any CPU
		{878B0919-5206-4860-AF04-9CCC7773A78F}.Debug|Any CPU.Build.0 = Debug|Any CPU
		{878B0919-5206-4860-AF04-9CCC7773A78F}.Release|Any CPU.ActiveCfg = Release|Any CPU
		{878B0919-5206-4860-AF04-9CCC7773A78F}.Release|Any CPU.Build.0 = Release|Any CPU
		{86500589-EA21-465F-8406-1EA1C6D3D74A}.Debug|Any CPU.ActiveCfg = Debug|Any CPU
		{86500589-EA21-465F-8406-1EA1C6D3D74A}.Debug|Any CPU.Build.0 = Debug|Any CPU
		{86500589-EA21-465F-8406-1EA1C6D3D74A}.Release|Any CPU.ActiveCfg = Release|Any CPU
		{86500589-EA21-465F-8406-1EA1C6D3D74A}.Release|Any CPU.Build.0 = Release|Any CPU
		{E6818151-0E5F-4DD5-B87A-210B545BB3E0}.Debug|Any CPU.ActiveCfg = Debug|Any CPU
		{E6818151-0E5F-4DD5-B87A-210B545BB3E0}.Debug|Any CPU.Build.0 = Debug|Any CPU
		{E6818151-0E5F-4DD5-B87A-210B545BB3E0}.Release|Any CPU.ActiveCfg = Release|Any CPU
		{E6818151-0E5F-4DD5-B87A-210B545BB3E0}.Release|Any CPU.Build.0 = Release|Any CPU
		{0DB13A2C-AE6D-4D68-9686-C8BE21C382A8}.Debug|Any CPU.ActiveCfg = Debug|Any CPU
		{0DB13A2C-AE6D-4D68-9686-C8BE21C382A8}.Debug|Any CPU.Build.0 = Debug|Any CPU
		{0DB13A2C-AE6D-4D68-9686-C8BE21C382A8}.Release|Any CPU.ActiveCfg = Release|Any CPU
		{0DB13A2C-AE6D-4D68-9686-C8BE21C382A8}.Release|Any CPU.Build.0 = Release|Any CPU
		{14AF926A-D796-4182-B023-B07CF6369665}.Debug|Any CPU.ActiveCfg = Debug|Any CPU
		{14AF926A-D796-4182-B023-B07CF6369665}.Debug|Any CPU.Build.0 = Debug|Any CPU
		{14AF926A-D796-4182-B023-B07CF6369665}.Release|Any CPU.ActiveCfg = Release|Any CPU
		{14AF926A-D796-4182-B023-B07CF6369665}.Release|Any CPU.Build.0 = Release|Any CPU
		{238F3873-2626-4D62-972F-81FA213D7E1C}.Debug|Any CPU.ActiveCfg = Debug|Any CPU
		{238F3873-2626-4D62-972F-81FA213D7E1C}.Debug|Any CPU.Build.0 = Debug|Any CPU
		{238F3873-2626-4D62-972F-81FA213D7E1C}.Release|Any CPU.ActiveCfg = Release|Any CPU
		{238F3873-2626-4D62-972F-81FA213D7E1C}.Release|Any CPU.Build.0 = Release|Any CPU
		{81162175-E414-4F1E-9CF4-224A67A63DA3}.Debug|Any CPU.ActiveCfg = Debug|Any CPU
		{81162175-E414-4F1E-9CF4-224A67A63DA3}.Debug|Any CPU.Build.0 = Debug|Any CPU
		{81162175-E414-4F1E-9CF4-224A67A63DA3}.Release|Any CPU.ActiveCfg = Release|Any CPU
		{81162175-E414-4F1E-9CF4-224A67A63DA3}.Release|Any CPU.Build.0 = Release|Any CPU
		{3D7A9E0A-74C8-4D8E-8CA6-F14D56364FD0}.Debug|Any CPU.ActiveCfg = Debug|Any CPU
		{3D7A9E0A-74C8-4D8E-8CA6-F14D56364FD0}.Debug|Any CPU.Build.0 = Debug|Any CPU
		{3D7A9E0A-74C8-4D8E-8CA6-F14D56364FD0}.Release|Any CPU.ActiveCfg = Release|Any CPU
		{3D7A9E0A-74C8-4D8E-8CA6-F14D56364FD0}.Release|Any CPU.Build.0 = Release|Any CPU
		{93FAD747-E6B9-4BDC-B580-E3B9B48C30CC}.Debug|Any CPU.ActiveCfg = Debug|Any CPU
		{93FAD747-E6B9-4BDC-B580-E3B9B48C30CC}.Debug|Any CPU.Build.0 = Debug|Any CPU
		{93FAD747-E6B9-4BDC-B580-E3B9B48C30CC}.Release|Any CPU.ActiveCfg = Release|Any CPU
		{93FAD747-E6B9-4BDC-B580-E3B9B48C30CC}.Release|Any CPU.Build.0 = Release|Any CPU
		{DE65263F-C6C8-44AE-9152-3CE8E1581956}.Debug|Any CPU.ActiveCfg = Debug|Any CPU
		{DE65263F-C6C8-44AE-9152-3CE8E1581956}.Debug|Any CPU.Build.0 = Debug|Any CPU
		{DE65263F-C6C8-44AE-9152-3CE8E1581956}.Release|Any CPU.ActiveCfg = Release|Any CPU
		{DE65263F-C6C8-44AE-9152-3CE8E1581956}.Release|Any CPU.Build.0 = Release|Any CPU
		{1B013276-1341-462D-B0C9-14ABA2043F62}.Debug|Any CPU.ActiveCfg = Debug|Any CPU
		{1B013276-1341-462D-B0C9-14ABA2043F62}.Debug|Any CPU.Build.0 = Debug|Any CPU
		{1B013276-1341-462D-B0C9-14ABA2043F62}.Release|Any CPU.ActiveCfg = Release|Any CPU
		{1B013276-1341-462D-B0C9-14ABA2043F62}.Release|Any CPU.Build.0 = Release|Any CPU
		{A6A8DC7D-09C3-4DF1-B69C-E64E3204124B}.Debug|Any CPU.ActiveCfg = Debug|Any CPU
		{A6A8DC7D-09C3-4DF1-B69C-E64E3204124B}.Debug|Any CPU.Build.0 = Debug|Any CPU
		{A6A8DC7D-09C3-4DF1-B69C-E64E3204124B}.Release|Any CPU.ActiveCfg = Release|Any CPU
		{A6A8DC7D-09C3-4DF1-B69C-E64E3204124B}.Release|Any CPU.Build.0 = Release|Any CPU
		{D16B2FEB-B611-4672-AB8E-0F09806EE525}.Debug|Any CPU.ActiveCfg = Debug|Any CPU
		{D16B2FEB-B611-4672-AB8E-0F09806EE525}.Debug|Any CPU.Build.0 = Debug|Any CPU
		{D16B2FEB-B611-4672-AB8E-0F09806EE525}.Release|Any CPU.ActiveCfg = Release|Any CPU
		{D16B2FEB-B611-4672-AB8E-0F09806EE525}.Release|Any CPU.Build.0 = Release|Any CPU
		{7486425E-CADF-431B-AF95-C38C9CA10D2F}.Debug|Any CPU.ActiveCfg = Debug|Any CPU
		{7486425E-CADF-431B-AF95-C38C9CA10D2F}.Debug|Any CPU.Build.0 = Debug|Any CPU
		{7486425E-CADF-431B-AF95-C38C9CA10D2F}.Release|Any CPU.ActiveCfg = Release|Any CPU
		{7486425E-CADF-431B-AF95-C38C9CA10D2F}.Release|Any CPU.Build.0 = Release|Any CPU
		{C48709D0-ABBA-4214-AC34-7B900B4FA345}.Debug|Any CPU.ActiveCfg = Debug|Any CPU
		{C48709D0-ABBA-4214-AC34-7B900B4FA345}.Debug|Any CPU.Build.0 = Debug|Any CPU
		{C48709D0-ABBA-4214-AC34-7B900B4FA345}.Release|Any CPU.ActiveCfg = Release|Any CPU
		{C48709D0-ABBA-4214-AC34-7B900B4FA345}.Release|Any CPU.Build.0 = Release|Any CPU
	EndGlobalSection
	GlobalSection(SolutionProperties) = preSolution
		HideSolutionNode = FALSE
	EndGlobalSection
	GlobalSection(NestedProjects) = preSolution
		{B065E352-E60A-461A-B9CC-222D0DF78BA7} = {388FBD8E-BE0B-4A9F-9854-EBEB4ADEE422}
		{496EC0E3-0F41-4FCB-A0E6-B4A28B7BF417} = {B065E352-E60A-461A-B9CC-222D0DF78BA7}
		{1F1D84C2-DDC0-45F0-8335-EBD5A4F6EFFF} = {B065E352-E60A-461A-B9CC-222D0DF78BA7}
		{DC62EA76-9816-497F-A4A4-D4CCEBA549F5} = {B065E352-E60A-461A-B9CC-222D0DF78BA7}
		{1C971274-B21F-49B8-9324-1F4BAD725B9E} = {496EC0E3-0F41-4FCB-A0E6-B4A28B7BF417}
		{878B0919-5206-4860-AF04-9CCC7773A78F} = {DC62EA76-9816-497F-A4A4-D4CCEBA549F5}
		{86500589-EA21-465F-8406-1EA1C6D3D74A} = {496EC0E3-0F41-4FCB-A0E6-B4A28B7BF417}
		{E6818151-0E5F-4DD5-B87A-210B545BB3E0} = {1F1D84C2-DDC0-45F0-8335-EBD5A4F6EFFF}
		{0DB13A2C-AE6D-4D68-9686-C8BE21C382A8} = {1F1D84C2-DDC0-45F0-8335-EBD5A4F6EFFF}
		{9D864442-40A0-4B0B-B8BF-7EB82CF5C735} = {388FBD8E-BE0B-4A9F-9854-EBEB4ADEE422}
		{747E1A6D-E99C-40D4-BEA4-9D848440F8F8} = {9D864442-40A0-4B0B-B8BF-7EB82CF5C735}
		{56F5349C-5672-41D2-859B-D2BC48B7B864} = {9D864442-40A0-4B0B-B8BF-7EB82CF5C735}
		{0EBD0F45-04C1-4495-9C5D-B129E5185948} = {9D864442-40A0-4B0B-B8BF-7EB82CF5C735}
		{238F3873-2626-4D62-972F-81FA213D7E1C} = {747E1A6D-E99C-40D4-BEA4-9D848440F8F8}
		{81162175-E414-4F1E-9CF4-224A67A63DA3} = {747E1A6D-E99C-40D4-BEA4-9D848440F8F8}
		{3D7A9E0A-74C8-4D8E-8CA6-F14D56364FD0} = {56F5349C-5672-41D2-859B-D2BC48B7B864}
		{93FAD747-E6B9-4BDC-B580-E3B9B48C30CC} = {56F5349C-5672-41D2-859B-D2BC48B7B864}
		{DE65263F-C6C8-44AE-9152-3CE8E1581956} = {0EBD0F45-04C1-4495-9C5D-B129E5185948}
		{8C064FA2-AAE4-4423-A8C4-21B14170F58A} = {388FBD8E-BE0B-4A9F-9854-EBEB4ADEE422}
		{A1D4C410-141E-428F-A21D-E92D057F8770} = {8C064FA2-AAE4-4423-A8C4-21B14170F58A}
		{87DC789A-B1E9-4E01-9814-310858CB0DA1} = {8C064FA2-AAE4-4423-A8C4-21B14170F58A}
		{0A959D19-9577-4BDB-88CA-28D5480BCC04} = {8C064FA2-AAE4-4423-A8C4-21B14170F58A}
		{1B013276-1341-462D-B0C9-14ABA2043F62} = {A1D4C410-141E-428F-A21D-E92D057F8770}
		{A6A8DC7D-09C3-4DF1-B69C-E64E3204124B} = {A1D4C410-141E-428F-A21D-E92D057F8770}
		{D16B2FEB-B611-4672-AB8E-0F09806EE525} = {87DC789A-B1E9-4E01-9814-310858CB0DA1}
		{7486425E-CADF-431B-AF95-C38C9CA10D2F} = {87DC789A-B1E9-4E01-9814-310858CB0DA1}
		{C48709D0-ABBA-4214-AC34-7B900B4FA345} = {0A959D19-9577-4BDB-88CA-28D5480BCC04}
	EndGlobalSection
	GlobalSection(ExtensibilityGlobals) = postSolution
		SolutionGuid = {8A8343D5-B347-496C-917A-DA77A4E19C7E}
	EndGlobalSection
EndGlobal
